
Microsoft Visual Studio Solution File, Format Version 12.00
# Visual Studio Version 17
VisualStudioVersion = 17.11.35312.102
MinimumVisualStudioVersion = 10.0.40219.1
Project("{FAE04EC0-301F-11D3-BF4B-00C04F79EFBC}") = "Core", "Core\Core.csproj", "{1A1AAB73-643D-4CF2-9C4E-C20E8E4BFDBD}"
EndProject
Project("{FAE04EC0-301F-11D3-BF4B-00C04F79EFBC}") = "DAL", "DAL\DAL.csproj", "{6AC74247-61E7-432C-84D3-BEEA657CDFD1}"
EndProject
Project("{FAE04EC0-301F-11D3-BF4B-00C04F79EFBC}") = "BLL", "BLL\BLL.csproj", "{B0257BDF-6BBF-413E-BD3F-0B2294EE0CF1}"
EndProject
Project("{FAE04EC0-301F-11D3-BF4B-00C04F79EFBC}") = "Client", "Client\Client.csproj", "{BBEA4EC3-60A1-49F4-BAEC-060C661896CA}"
EndProject
Global
	GlobalSection(SolutionConfigurationPlatforms) = preSolution
		Debug|Any CPU = Debug|Any CPU
		Release|Any CPU = Release|Any CPU
	EndGlobalSection
	GlobalSection(ProjectConfigurationPlatforms) = postSolution
		{1A1AAB73-643D-4CF2-9C4E-C20E8E4BFDBD}.Debug|Any CPU.ActiveCfg = Debug|Any CPU
		{1A1AAB73-643D-4CF2-9C4E-C20E8E4BFDBD}.Debug|Any CPU.Build.0 = Debug|Any CPU
		{1A1AAB73-643D-4CF2-9C4E-C20E8E4BFDBD}.Release|Any CPU.ActiveCfg = Release|Any CPU
		{1A1AAB73-643D-4CF2-9C4E-C20E8E4BFDBD}.Release|Any CPU.Build.0 = Release|Any CPU
		{6AC74247-61E7-432C-84D3-BEEA657CDFD1}.Debug|Any CPU.ActiveCfg = Debug|Any CPU
		{6AC74247-61E7-432C-84D3-BEEA657CDFD1}.Debug|Any CPU.Build.0 = Debug|Any CPU
		{6AC74247-61E7-432C-84D3-BEEA657CDFD1}.Release|Any CPU.ActiveCfg = Release|Any CPU
		{6AC74247-61E7-432C-84D3-BEEA657CDFD1}.Release|Any CPU.Build.0 = Release|Any CPU
		{B0257BDF-6BBF-413E-BD3F-0B2294EE0CF1}.Debug|Any CPU.ActiveCfg = Debug|Any CPU
		{B0257BDF-6BBF-413E-BD3F-0B2294EE0CF1}.Debug|Any CPU.Build.0 = Debug|Any CPU
		{B0257BDF-6BBF-413E-BD3F-0B2294EE0CF1}.Release|Any CPU.ActiveCfg = Release|Any CPU
		{B0257BDF-6BBF-413E-BD3F-0B2294EE0CF1}.Release|Any CPU.Build.0 = Release|Any CPU
		{BBEA4EC3-60A1-49F4-BAEC-060C661896CA}.Debug|Any CPU.ActiveCfg = Debug|Any CPU
		{BBEA4EC3-60A1-49F4-BAEC-060C661896CA}.Debug|Any CPU.Build.0 = Debug|Any CPU
		{BBEA4EC3-60A1-49F4-BAEC-060C661896CA}.Release|Any CPU.ActiveCfg = Release|Any CPU
		{BBEA4EC3-60A1-49F4-BAEC-060C661896CA}.Release|Any CPU.Build.0 = Release|Any CPU
	EndGlobalSection
	GlobalSection(SolutionProperties) = preSolution
		HideSolutionNode = FALSE
	EndGlobalSection
	GlobalSection(ExtensibilityGlobals) = postSolution
		SolutionGuid = {2C0AFA41-99DD-46FC-8C0A-74B01FAFBD95}
	EndGlobalSection
EndGlobal
